decred.org/dcrdex v0.5.7 h1:ix+nQNAHh5EbeKU4kgI4UbkB9qbyT8z51v5E+hPK1XI=
decred.org/dcrdex v0.5.7/go.mod h1:PJz/P3v/3f1rO0gceRjVBXvEs+NWqrNC91OOuLqY6is=
github.com/decred/slog v1.2.0 h1:soHAxV52B54Di3WtKLfPum9OFfWqwtf/ygf9njdfnPM=
github.com/decred/slog v1.2.0/go.mod h1:kVXlGnt6DHy2fV5OjSeuvCJ0OmlmTF6LFpEPMu/fOY0=
